annotated-types==0.7.0 \
    --hash=sha256:1f02e8b43a8fbbc3f3e0d4f0f4bfc8131bcb4eebe8849b8e5c773f3a1c582a53 \
    --hash=sha256:aff07c09a53a08bc8cfccb9c85b05f1aa9a2a6f23728d790723543408344ce89
    # via pydantic
betterproto==2.0.0b6 \
    --hash=sha256:720ae92697000f6fcf049c69267d957f0871654c8b0d7458906607685daee784 \
    --hash=sha256:a0839ec165d110a69d0d116f4d0e2bec8d186af4db826257931f0831dab73fcf
    # via sigstore-protobuf-specs
certifi==2026.6.17 \
    --hash=sha256:024c88eeec92ca068db80f02b8b07c9cef7b9fe261d1d535abfd5abd6f6af432 \
    --hash=sha256:2227dcbaafe0d2f59279d1762ddddc37783ed4354594f194ffc31d20f41fc3db
    # via requests
cffi==2.1.0 ; platform_python_implementation != 'PyPy' \
    --hash=sha256:1e9f50d192a3e525b15a75ab5114e442d83d657b7ec29182a991bc9a88fd3a66 \
    --hash=sha256:379de10ce1ba048b1448599d1b37b24caee16309d1ac98d3982fc997f768700b \
    --hash=sha256:46b1c8db8f6122420f32d02fffb924c2fe9bc772d228c7c711748fff56aabb2b \
    --hash=sha256:5972433ad71a9e46516584ef60a0fda12d9dc459938d1539c3ddecf9bdc1368d \
    --hash=sha256:6d194185eabd279f1c05ebe3504265ddfc5ad2b58d0714f7db9f01da592e9eb6 \
    --hash=sha256:78474632761faa0fb96f30b1c928c84ebcf68713cbb80d15bab09dfe61640fde \
    --hash=sha256:98fff996e983a36d3aa2eca83af40c5821202e7e6f32d13ae94e3d2286f10cfe \
    --hash=sha256:9b8f0f26ca4e7513c534d351eca551947d053fac438f2a04ac96d882909b0d3a \
    --hash=sha256:b6422532152adf4e59b110cb2808cee7a033800952f5c036b4af047ee43199e7 \
    --hash=sha256:c97f080ea627e2863524c5af3836e2270b5f5dfff1f104392b959f8df0c5d384 \
    --hash=sha256:d9fafc5aa2e2a39aaf7f8cc0c1f044a9b07fca12e558dca53a3cc5c654ad67a7 \
    --hash=sha256:df2b82571a1b30f58a87bf4e5a9e78d2b1eff6c6ce8fd3aa3757221f93f0863f \
    --hash=sha256:efc1cdd798b1aaf39b4610bba7aad28c9bea9b910f25c784ccf9ec1fa719d1f9
    # via
    #   cryptography
    #   pynacl
charset-normalizer==3.4.9 \
    --hash=sha256:03d07803992c6c7bbc976327f34b18b6160327fc81cb82c9d504720ac0be3b62 \
    --hash=sha256:45b0cc4e3556cd875e09102988d1ab8356c998b596c9fced84547c8138b487a0 \
    --hash=sha256:4b3dac63058cc36820b0dd072f89898604e2d39686fe05321729d00d8ac185a0 \
    --hash=sha256:5e226f6218febc71f6c1fc2fafb91c226f75bdc1d8fb12d66823716e891608fd \
    --hash=sha256:60f44ade2cf573dad7a277e6f8ca9a51a21dda572b13bd7d8539bb3cd5dbedde \
    --hash=sha256:673611bbd43f0810bec0b0f028ddeaaa501190339cac411f347ac76917c3ae7b \
    --hash=sha256:68e5f26a1ad57ded6d1cfb85331d1c1a195314756471d97758c48498bb4dcdf5 \
    --hash=sha256:78841cccf1af7b40f6f716338d50c0902dbe88d9f800b3c973b7a9a0a693a642 \
    --hash=sha256:78fa18e436a1a0e58dbd7e02fc4473f3f32cceb12df9dfca542d075961c307d2 \
    --hash=sha256:7b86a2b16095d250c6f58b3d9b2eee6f4147754344f3dab0922f7c9bf7d226c9 \
    --hash=sha256:90c44bc373b7687f6948b693cceaea1348ae0975d7474746559494468e3c1d84 \
    --hash=sha256:9104ed0bd76a429d46f9ec0dbc9b08ad1d2dcdf2b00a5a0daa1c145329b35b44 \
    --hash=sha256:9b2aff1c7b3884512b9512c3eaadd9bab39fb45042ffaaa1dd08ff2b9f8109d9 \
    --hash=sha256:9cdef90ae47919cae358d8ab15797a800ed41da7aba5d72419fb510729e2ed4b \
    --hash=sha256:a1786910334ed46ab1dd73222f2cd1e05c2c3bb39f6dddb4f8b36fc382058a39
    # via requests
click==8.4.2 \
    --hash=sha256:9a6cea6e60b17ebe0a44c5cc636d94f09bd66142c1cd7d8b4cd731c4917a15f6 \
    --hash=sha256:e6f9f66136c816745b9d65817da91d61d957fb16e02e4dcd0552553c5a197b76
    # via nautilus-trader
colorama==0.4.6 ; sys_platform == 'win32' \
    --hash=sha256:08695f5cb7ed6e0531a20572697297273c47b8cae5a63ffc6d6ed5c201be6e44 \
    --hash=sha256:4f1d9991f5acc0ca119f9d443620b77f9d6b33703e51011c16baf57afb285fc6
    # via
    #   click
    #   tqdm
cryptography==46.0.7 \
    --hash=sha256:128c5edfe5e5938b86b03941e94fac9ee793a94452ad1365c9fc3f4f62216832 \
    --hash=sha256:1d25aee46d0c6f1a501adcddb2d2fee4b979381346a78558ed13e50aa8a59067 \
    --hash=sha256:24402210aa54baae71d99441d15bb5a1919c195398a87b563df84468160a65de \
    --hash=sha256:35719dc79d4730d30f1c2b6474bd6acda36ae2dfae1e3c16f2051f215df33ce0 \
    --hash=sha256:397655da831414d165029da9bc483bed2fe0e75dde6a1523ec2fe63f3c46046b \
    --hash=sha256:420b1e4109cc95f0e5700eed79908cef9268265c773d3a66f7af1eef53d409ef \
    --hash=sha256:42a1e5f98abb6391717978baf9f90dc28a743b7d9be7f0751a6f56a75d14065b \
    --hash=sha256:462ad5cb1c148a22b2e3bcc5ad52504dff325d17daf5df8d88c17dda1f75f2a4 \
    --hash=sha256:506c4ff91eff4f82bdac7633318a526b1d1309fc07ca76a3ad182cb5b686d6d3 \
    --hash=sha256:5ad9ef796328c5e3c4ceed237a183f5d41d21150f972455a9d926593a1dcb308 \
    --hash=sha256:5d1c02a14ceb9148cc7816249f64f623fbfee39e8c03b3650d842ad3f34d637e \
    --hash=sha256:5e51be372b26ef4ba3de3c167cd3d1022934bc838ae9eaad7e644986d2a3d163 \
    --hash=sha256:73510b83623e080a2c35c62c15298096e2a5dc8d51c3b4e1740211839d0dea77 \
    --hash=sha256:7bbc6ccf49d05ac8f7d7b5e2e2c33830d4fe2061def88210a126d130d7f71a85 \
    --hash=sha256:84d4cced91f0f159a7ddacad249cc077e63195c36aac40b4150e7a57e84fffe7 \
    --hash=sha256:8a469028a86f12eb7d2fe97162d0634026d92a21f3ae0ac87ed1c4a447886c83 \
    --hash=sha256:91bbcb08347344f810cbe49065914fe048949648f6bd5c2519f34619142bbe85 \
    --hash=sha256:935ce7e3cfdb53e3536119a542b839bb94ec1ad081013e9ab9b7cfd478b05006 \
    --hash=sha256:9694078c5d44c157ef3162e3bf3946510b857df5a3955458381d1c7cfc143ddb \
    --hash=sha256:a1529d614f44b863a7b480c6d000fe93b59acee9c82ffa027cfadc77521a9f5e \
    --hash=sha256:abad9dac36cbf55de6eb49badd4016806b3165d396f64925bf2999bcb67837ba \
    --hash=sha256:b36a4695e29fe69215d75960b22577197aca3f7a25b9cf9d165dcfe9d80bc325 \
    --hash=sha256:cbd5fb06b62bd0721e1170273d3f4d5a277044c47ca27ee257025146c34cbdd1 \
    --hash=sha256:cdf1a610ef82abb396451862739e3fc93b071c844399e15b90726ef7470eeaf2 \
    --hash=sha256:cdfbe22376065ffcf8be74dc9a909f032df19bc58a699456a21712d6e5eabfd0 \
    --hash=sha256:d23c8ca48e44ee015cd0a54aeccdf9f09004eba9fc96f38c911011d9ff1bd457 \
    --hash=sha256:e4cfd68c5f3e0bfdad0d38e023239b96a2fe84146481852dffbcca442c245aa5 \
    --hash=sha256:ea42cbe97209df307fdc3b155f1b6fa2577c0defa8f1f7d3be7d31d189108ad4 \
    --hash=sha256:f247c8c1a1fb45e12586afbb436ef21ff1e80670b2861a90353d9b025583d246
    # via
    #   custos-runner
    #   pyopenssl
    #   rfc3161-client
    #   sigstore
dnspython==2.8.0 \
    --hash=sha256:01d9bbc4a2d76bf0db7c1f729812ded6d912bd318d3b1cf81d30c0f845dbf3af \
    --hash=sha256:181d3c6996452cb1189c4046c61599b84a5a86e099562ffde77d26984ff26d0f
    # via email-validator
email-validator==2.3.0 \
    --hash=sha256:80f13f623413e6b197ae73bb10bf4eb0908faf509ad8362c5edeb0be7fd450b4 \
    --hash=sha256:9fc05c37f2f6cf439ff414f8fc46d917929974a82244c20eb10231ba60c54426
    # via pydantic
fsspec==2026.2.0 \
    --hash=sha256:6544e34b16869f5aacd5b90bdf1a71acb37792ea3ddf6125ee69a22a53fb8bff \
    --hash=sha256:98de475b5cb3bd66bedd5c4679e87b4fdfe1a3bf4d707b151b3c07e58c9a2437
    # via nautilus-trader
grpclib==0.4.9 \
    --hash=sha256:7762ec1c8ed94dfad597475152dd35cbd11aecaaca2f243e29702435ca24cf0e \
    --hash=sha256:cc589c330fa81004c6400a52a566407574498cb5b055fa927013361e21466c46
    # via betterproto
h2==4.3.0 \
    --hash=sha256:6c59efe4323fa18b47a632221a1888bd7fde6249819beda254aeca909f221bf1 \
    --hash=sha256:c438f029a25f7945c69e0ccf0fb951dc3f73a5f6412981daee861431b70e2bdd
    # via grpclib
hpack==4.2.0 \
    --hash=sha256:0895cfa3b5531fc65fe439c05eb65144f123bf7a394fcaa56aa423548d8e45c0 \
    --hash=sha256:858ac0b02280fa582b5080d68db0899c62a80375e0e5413a74970c5e518b6986
    # via h2
hyperframe==6.1.0 \
    --hash=sha256:b03380493a519fce58ea5af42e4a42317bf9bd425596f7a0835ffce80f1a42e5 \
    --hash=sha256:f630908a00854a7adeabd6382b43923a4c4cd4b821fcb527e6ab9e15382a3b08
    # via h2
id==1.6.1 \
    --hash=sha256:d0732d624fb46fd4e7bc4e5152f00214450953b9e772c182c1c22964def1a069 \
    --hash=sha256:f5ec41ed2629a508f5d0988eda142e190c9c6da971100612c4de9ad9f9b237ca
    # via sigstore
idna==3.18 \
    --hash=sha256:7f952cbe720b688055e3f87de14f5c3e5fdaa8bc3928985c4077ca689de849a2 \
    --hash=sha256:ffb385a7e039654cef1ab9ef32c6fafe283c0c0467bba1d9029738ce4a14a848
    # via
    #   email-validator
    #   requests
markdown-it-py==4.2.0 \
    --hash=sha256:04a21681d6fbb623de53f6f364d352309d4094dd4194040a10fd51833e418d49 \
    --hash=sha256:9f7ebbcd14fe59494226453aed97c1070d83f8d24b6fc3a3bcf9a38092641c4a
    # via rich
mdurl==0.1.2 \
    --hash=sha256:84008a41e51615a49fc9966191ff91509e3c40b939176e643fd50a5c2196b8f8 \
    --hash=sha256:bb413d29f5eea38f31dd4754dd7377d4465116fb207585f97bf925588687c1ba
    # via markdown-it-py
msgspec==0.21.1 \
    --hash=sha256:21995e74b5c598c2e004110ad66ec7f1b8c20bf2bcf3b2de8fd9a3094422d3ff \
    --hash=sha256:2313508e394b0d208f8f56892ca9b2799e2561329de9763b19619595a6c0f72c \
    --hash=sha256:5102c7e9b3acff82178449b85006d96310e690291bb1ea0142f1b24bcb8aabcb \
    --hash=sha256:6129f0cca52992e898fd5344187f7c8127b63d810b2fd73e36fca73b4c6475ee \
    --hash=sha256:628aaa35c74950a8c59da330d7e98917e1c7188f983745782027748ee4ca573e \
    --hash=sha256:846758412e9518252b2ac9bffd6f0e54d9ff614f5f9488df7749f81ff5c80920 \
    --hash=sha256:d4248cf0b6129b7d230eacd493c17cc2d4f3989f3bb7f633a928a85b7dcfa251 \
    --hash=sha256:d4ab834a054c6f0cbeef6df9e7e1b33d5f1bc7b86dea1d2fd7cad003873e783d \
    --hash=sha256:ef3ec2296248d1f8b9231acb051b6d471dfde8f21819e86c9adaaa9f42918521
    # via nautilus-trader
multidict==6.7.1 \
    --hash=sha256:28ca5ce2fd9716631133d0e9a9b9a745ad7f60bac2bccafb56aa380fc0b6c511 \
    --hash=sha256:3758692429e4e32f1ba0df23219cd0b4fc0a52f476726fff9337d1a57676a582 \
    --hash=sha256:398c1478926eca669f2fd6a5856b6de9c0acf23a2cb59a14c0ba5844fa38077e \
    --hash=sha256:3d51ff4785d58d3f6c91bdbffcb5e1f7ddfda557727043aa20d20ec4f65e324a \
    --hash=sha256:3fccb473e87eaa1382689053e4a4618e7ba7b9b9b8d6adf2027ee474597128cd \
    --hash=sha256:55d97cc6dae627efa6a6e548885712d4864b81110ac76fa4e534c03819fa4a56 \
    --hash=sha256:9c90fed18bffc0189ba814749fdcc102b536e83a9f738a9003e569acd540a733 \
    --hash=sha256:a088b62bd733e2ad12c50dad01b7d0166c30287c166e137433d3b410add807a6 \
    --hash=sha256:a90f75c956e32891a4eda3639ce6dd86e87105271f43d43442a3aedf3cddf172 \
    --hash=sha256:b0fa96985700739c4c7853a43c0b3e169360d6855780021bfc6d0f1ce7c123e7 \
    --hash=sha256:ba0a9fb644d0c1a2194cf7ffb043bd852cea63a57f66fbd33959f7dae18517bf \
    --hash=sha256:bfde23ef6ed9db7eaee6c37dcec08524cb43903c60b285b172b6c094711b3961 \
    --hash=sha256:c102791b1c4f3ab36ce4101154549105a53dc828f016356b3e3bcae2e3a039d3 \
    --hash=sha256:c3a32d23520ee37bf327d1e1a656fec76a2edd5c038bf43eddfa0572ec49c60b \
    --hash=sha256:cb2a55f408c3043e42b40cc8eecd575afa27b7e0b956dfb190de0f8499a57a53 \
    --hash=sha256:da62917e6076f512daccfbbde27f46fed1c98fee202f0559adec8ee0de67f71a \
    --hash=sha256:eb0ce7b2a32d09892b3dd6cc44877a0d02a33241fafca5f25c8b6b62374f8b75 \
    --hash=sha256:ec6652a1bee61c53a3e5776b6049172c53b6aaba34f18c9ad04f82712bac623d \
    --hash=sha256:fc5907494fccf3e7d3f94f95c91d6336b092b5fc83811720fae5e2765890dfba \
    --hash=sha256:fcee94dfbd638784645b066074b338bc9cc155d4b4bffa4adce1615c5a426c19
    # via grpclib
nats-py==2.15.0 \
    --hash=sha256:6622c547d9a7d2313d9c147d46c386188f4ec2c7b5c9f9a0438a4d1b55f54a93 \
    --hash=sha256:9f8d36aa52a9926a88b8f1d70cf1fdce0ad387941479b500ee9ab3e51073cefd
    # via custos-runner
nautilus-trader==1.230.0 \
    --hash=sha256:033f6207d1c52095d64a7644f43b90cab939c2038044db70a4165f2acef3d079 \
    --hash=sha256:8f4ff2e8af10e93ed643496eb62999b00558085f0e0bff17fc76e08809ba91b9 \
    --hash=sha256:9420b151e92a504841b7fc768ba937dc7f3bffe387096215f39b83c6fcda27e8 \
    --hash=sha256:cc7eaa247e640e46588094fcca44f34f4b6330eeec41e9247068f2500921757d \
    --hash=sha256:de69df04918ad52095dca2e462f2e1e7755a53e74df13f35de9631ef71513beb
    # via custos-strategy-toolkit-nautilus
nkeys==0.2.1 \
    --hash=sha256:3a201dcd203d8bb05ba2884d441b2c92918b2a537a10d324e73738887dde9da3
    # via nats-py
numpy==2.5.1 \
    --hash=sha256:08d60c810432eb83360958dea0999ac4cfb94531ea8efcbf0b7f277c2068aeb2 \
    --hash=sha256:17a25e09640602e10bc8de0e6fa2b3fd68eedd84ba6d7842dc8f32f9ab87bd0b \
    --hash=sha256:2ae0ca40bcb22d6ba59c1dfd5446f49940b0f2d821fde133f10dda11f816b84e \
    --hash=sha256:2c889b56fe48b1018f764b0eec8df59ab654e9148aa91faa12596043500de277 \
    --hash=sha256:59fda5e192b570217ec2580c96f00e9a7e12ef6866a900eb089b62c1a32545ca \
    --hash=sha256:61ac47e772e6b8ea489e1d2f441a34c5c3ac17327e7ce294cbdf535795ad4e75 \
    --hash=sha256:78798bd5b9ad744056af8efa90e3b9ddaa53272a0848a483084a1cc0a13b2dc0 \
    --hash=sha256:a48a113e6afea91f5608793bafa7ef2ad481fefbda87ec5069f483de61cb9fa3 \
    --hash=sha256:ab451b59c5643c570974c43aef780703ef1d3b4965d2be07afd530615a9358d1 \
    --hash=sha256:e824c2acf8862052246be5a44c15da1777940c60d010dd2aab897824d9c430f9 \
    --hash=sha256:f7119ebff1a9829e9f431a4f9d28e703023bb6b9fe7c8f724467dbfc27c94ab3 \
    --hash=sha256:f7d60026c0bdb1380e83bfa7a0419c4577ee4b9a08880afcb6dadeb74c649fa2
    # via
    #   nautilus-trader
    #   pandas
packaging==26.2 \
    --hash=sha256:5fc45236b9446107ff2415ce77c807cee2862cb6fac22b8a73826d0693b0980e \
    --hash=sha256:ff452ff5a3e828ce110190feff1178bb1f2ea2281fa2075aadb987c2fb221661
    # via custos-strategy-toolkit-nautilus
pandas==3.0.3 \
    --hash=sha256:0383c72c75cdcca61a9e116e611143902dbfd08bff356829c2f6d1cf40a9ca8c \
    --hash=sha256:557409bc4178e70ee8d9ddb494798e51ebf6ea59330f6be22c51bab2a7db6c49 \
    --hash=sha256:696a4a00a2a2a35d4e5deb3fc946641b96c944f02230e4f76137fe35d806c4fc \
    --hash=sha256:6dc0b3fd2169c9157deed50b4d519553a3655c8c6a96027136d654592be973a9 \
    --hash=sha256:7e65d5407dc0b394f509699650e4a2ec01c0514f21850f453fa60f3be79a5dbf \
    --hash=sha256:b168fc218fd80a6cbdbdbc1a97ddc7889ed057d7eb45f50d866ceab5f39904c4 \
    --hash=sha256:c7be265b62cef88e253a941e4698604973736dcfe242fdb5198f0f7bc473cdcc \
    --hash=sha256:f8894dc474d648fe7b6ff0ca9b0bd73950d19952bc1a6534540762c5d79d305c \
    --hash=sha256:fed2ff7fd9779120e388e285fc029bd5cf9490cdd2e4166a9ee22c0e49a9ab09
    # via nautilus-trader
platformdirs==4.10.0 \
    --hash=sha256:31e761a6a0ca04faf7353ea759bdba55652be214725111e5aac52dfa29d4bef7 \
    --hash=sha256:fb516cdb12eb0d857d0cd85a7c57cea4d060bee4578d6cf5a14dfdf8cbf8784a
    # via sigstore
portion==2.6.2 \
    --hash=sha256:86be115afafa776174dc5eac82afb6496c9fa3684f5b3a844c3139535c51085e \
    --hash=sha256:fbf334143dbac5d07ffa411784e2b29e4e1f21203385019a93e2c1a8f443da16
    # via nautilus-trader
pyarrow==24.0.0 \
    --hash=sha256:1617043b99bd33e5318ae18eb2919af09c71322ef1ca46566cdafc6e6712fb66 \
    --hash=sha256:25ea65d868eb04015cd18e6df2fbe98f07e5bda2abefabcb88fce39a947716f6 \
    --hash=sha256:295f0a7f2e242dabd513737cf076007dc5b2d59237e3eca37b05c0c6446f3826 \
    --hash=sha256:3b13dedfe76a0ad2d1d859b0811b53827a4e9d93a0bcb05cf59333ab4980cc7e \
    --hash=sha256:6165461f55ef6314f026de6638d661188e3455d3ec49834556a0ebbdbace18bb \
    --hash=sha256:6233c9ed9ab9d1db47de57d9753256d9dcffbf42db341576099f0fd9f6bf4810 \
    --hash=sha256:85fe721a14dd823aca09127acbb06c3ca723efbd436c004f16bca601b04dcc83 \
    --hash=sha256:f7616236ec1bc2b15bfdec22a71ab38851c86f8f05ff64f379e1278cf20c634a
    # via nautilus-trader
pyasn1==0.6.4 \
    --hash=sha256:9c447d8431c947fe4c8febc4ed9e760bc29011a5b01e5c74b67025bd9fb8ce81 \
    --hash=sha256:deda9277cfd454080ec40b207fb6df82206a3a2688735233cdcd8d3d565f088b
    # via sigstore
pycparser==3.0 ; implementation_name != 'PyPy' and platform_python_implementation != 'PyPy' \
    --hash=sha256:600f49d217304a5902ac3c37e1281c9fe94e4d0489de643a9504c5cdfdfc6b29 \
    --hash=sha256:b727414169a36b7d524c1c3e31839a521725078d7b2ff038656844266160a992
    # via cffi
pydantic==2.13.4 \
    --hash=sha256:45a282cde31d808236fd7ea9d919b128653c8b38b393d1c4ab335c62924d9aba \
    --hash=sha256:c40756b57adaa8b1efeeced5c196f3f3b7c435f90e84ea7f443901bec8099ef6
    # via
    #   custos-runner
    #   custos-strategy-toolkit
    #   sigstore
    #   sigstore-rekor-types
pydantic-core==2.46.4 \
    --hash=sha256:00c603d540afdd6b80eb39f078f33ebd46211f02f33e34a32d9f053bba711de0 \
    --hash=sha256:1d8ba486450b14f3b1d63bc521d410ec7565e52f887b9fb671791886436a42f7 \
    --hash=sha256:3009f12e4e90b7f88b4f9adb1b0c4a3d58fe7820f3238c190047209d148026df \
    --hash=sha256:3245406455a5d98187ec35530fd772b1d799b26667980872c8d4614991e2c4a2 \
    --hash=sha256:3a233125ac121aa3ffba9a2b59edfc4a985a76092dc8279586ab4b71390875e7 \
    --hash=sha256:4fc73cb559bdb54b1134a706a2802a4cddd27a0633f5abb7e53056268751ac6a \
    --hash=sha256:56cb4851bcaf3d117eddcef4fe66afd750a50274b0da8e22be256d10e5611987 \
    --hash=sha256:5b712b53160b79a5850310b912a5ef8e57e56947c8ad690c227f5c9d7e561712 \
    --hash=sha256:62f875393d7f270851f20523dd2e29f082bcc82292d66db2b64ea71f64b6e1c1 \
    --hash=sha256:8233f2947cf85404441fd7e0085f53b10c93e0ee78611099b5c7237e36aacbf7 \
    --hash=sha256:8d0820e8192167f80d88d64038e609c31452eeca865b4e1d9950a27a4609b00b \
    --hash=sha256:926c9541b14b12b1681dca8a0b75feb510b06c6341b70a8e500c2fdcff837cce \
    --hash=sha256:9401557acd873c3a7f3eb9383edef8ac4968f9510e340f4808d427e75667e7b4 \
    --hash=sha256:962ccbab7b642487b1d8b7df90ef677e03134cf1fd8880bf698649b22a69371f \
    --hash=sha256:9aa768456404a8bf48a4406685ac2bec8e72b62c69313734fa3b73cf33b3a894 \
    --hash=sha256:ad785e92e6dc634c21555edc8bd6b64957ab844541bcb96a1366c202951ae526 \
    --hash=sha256:b2f69dec1725e79a012d920df1707de5caf7ed5e08f3be4435e25803efc47458 \
    --hash=sha256:c68fcd102d71ea85c5b2dfac3f4f8476eff42a9e078fd5faefff6d145063536b \
    --hash=sha256:e9c26f834c65f5752f3f06cb08cb86a913ceb7274d0db6e267808a708b46bc89 \
    --hash=sha256:fbdb89b3e1c94a30cc5edfce477c6e6a5dc4d8f84665b455c27582f211a1c72c
    # via pydantic
pygments==2.20.0 \
    --hash=sha256:6757cd03768053ff99f3039c1a36d6c0aa0b263438fcab17520b30a303a82b5f \
    --hash=sha256:81a9e26dd42fd28a23a2d169d86d7ac03b46e2f8b59ed4698fb4785f946d0176
    # via rich
pyjwt==2.13.0 \
    --hash=sha256:41571c89ca91598c79e8ef18a2d07367d4810fbbd6f637794879baf1b7703423 \
    --hash=sha256:66adcc2aff09b3f1bbd95fc1e1577df8ac8723c978552fd43304c8a290ac5728
    # via sigstore
pynacl==1.6.2 \
    --hash=sha256:018494d6d696ae03c7e656e5e74cdfd8ea1326962cc401bcf018f1ed8436811c \
    --hash=sha256:22de65bb9010a725b0dac248f353bb072969c94fa8d6b1f34b87d7953cf7bbe4 \
    --hash=sha256:26bfcd00dcf2cf160f122186af731ae30ab120c18e8375684ec2670dccd28130 \
    --hash=sha256:46065496ab748469cdd999246d17e301b2c24ae2fdf739132e580a0e94c94a87 \
    --hash=sha256:5811c72b473b2f38f7e2a3dc4f8642e3a3e9b5e7317266e4ced1fba85cae41aa \
    --hash=sha256:62985f233210dee6548c223301b6c25440852e13d59a8b81490203c3227c5ba0 \
    --hash=sha256:68be3a09455743ff9505491220b64440ced8973fe930f270c8e07ccfa25b1f9e \
    --hash=sha256:834a43af110f743a754448463e8fd61259cd4ab5bbedcf70f9dabad1d28a394c \
    --hash=sha256:8845c0631c0be43abdd865511c41eab235e0be69c81dc66a50911594198679b0 \
    --hash=sha256:8a66d6fb6ae7661c58995f9c6435bda2b1e68b54b598a6a10247bfcdadac996c \
    --hash=sha256:8b097553b380236d51ed11356c953bf8ce36a29a3e596e934ecabe76c985a577 \
    --hash=sha256:c8a231e36ec2cab018c4ad4358c386e36eede0319a0c41fed24f840b1dac59f6 \
    --hash=sha256:c949ea47e4206af7c8f604b8278093b674f7c79ed0d4719cc836902bf4517465
    # via nkeys
pyopenssl==26.2.0 \
    --hash=sha256:4f9d971bc5298b8bc1fab282803da04bf000c755d4ad9d99b52de2569ca19a70 \
    --hash=sha256:8c6fcecd1183a7fc897548dfe388b0cdb7f37e018200d8409cf33959dbe35387
    # via sigstore
python-dateutil==2.9.0.post0 \
    --hash=sha256:37dd54208da7e1cd875388217d5e00ebd4179249f90fb72437e91a35459a0ad3 \
    --hash=sha256:a8b2bc7bffae282281c8140a97d3aa9c14da0b136dfe83f850eea9a5f7470427
    # via
    #   betterproto
    #   pandas
pytz==2026.2 \
    --hash=sha256:04156e608bee23d3792fd45c94ae47fae1036688e75032eea2e3bf0323d1f126 \
    --hash=sha256:0e60b47b29f21574376f218fe21abc009894a2321ea16c6754f3cad6eb7cdd6a
    # via nautilus-trader
pyyaml==6.0.3 \
    --hash=sha256:41715c910c881bc081f1e8872880d3c650acf13dfa8214bad49ed4cede7c34ea \
    --hash=sha256:5fcd34e47f6e0b794d17de1b4ff496c00986e1c83f7ab2fb8fcfe9616ff7477b \
    --hash=sha256:5fdec68f91a0c6739b380c83b951e2c72ac0197ace422360e6d5a959d8d97b2c \
    --hash=sha256:64386e5e707d03a7e172c0701abfb7e10f0fb753ee1d773128192742712a98fd \
    --hash=sha256:7f047e29dcae44602496db43be01ad42fc6f1cc0d8cd6c83d342306c32270196 \
    --hash=sha256:8dc52c23056b9ddd46818a57b78404882310fb473d63f17b07d5c40421e47f8e \
    --hash=sha256:9149cad251584d5fb4981be1ecde53a1ca46c891a79788c0df828d2f166bda28 \
    --hash=sha256:96b533f0e99f6579b3d4d4995707cf36df9100d67e0c8303a0c55b27b5f99bc5 \
    --hash=sha256:ba1cc08a7ccde2d2ec775841541641e4548226580ab850948cbfda66a1befcdc \
    --hash=sha256:d76623373421df22fb4cf8817020cbb7ef15c725b9d5e45f17e189bfc384190f \
    --hash=sha256:fc09d0aa354569bc501d4e787133afc08552722d3ab34836a80547331bb5d4a0
    # via
    #   custos-strategy-toolkit
    #   custos-strategy-toolkit-nautilus
requests==2.34.2 \
    --hash=sha256:2a0d60c172f83ac6ab31e4554906c0f3b3588d37b5cb939b1c061f4907e278e0 \
    --hash=sha256:f288924cae4e29463698d6d60bc6a4da69c89185ad1e0bcc4104f584e960b9ed
    # via sigstore
rfc3161-client==1.0.7 \
    --hash=sha256:2ee940d6c65648732fa02606d6277356382347e34e89be54403ed4825cc9d391 \
    --hash=sha256:351cb9149ea4f0db6206711d795f29ab23be2f28d4ac615d2ac6e47aed96d5fa \
    --hash=sha256:3cf66df2e31674206699a5d4d31ca81f57e84c4892de3c676341ec2c3f764ae1 \
    --hash=sha256:563d2a87d21fa184782afd0cf57f06e3713580810c0dd62f7271ec2ae83b7219 \
    --hash=sha256:5ea1340fa199c529af7b432c06689c865db8f395f4d6756b0a7663ffdbc04840 \
    --hash=sha256:83cd871823fa998e2d6a91e1a09881c798b016a87b71bad8e29b9135e4b6c036 \
    --hash=sha256:8c02330b8b09cbf88f2f5f1ecdb6e6b76c0c9bd7c4199a5068ab43b95d7ab8e5 \
    --hash=sha256:8db252741022bc27e1150c066b163130dc9fcded5822dc079217d5df3e5689a1 \
    --hash=sha256:966ab2b49b1dd157527818985512099c44fa8d3510eb4288e7bb986cd215b860 \
    --hash=sha256:ad799a0500e4a7c56172e247fe29c6029903b5c43eb2c5ff5b35d5641e37a325 \
    --hash=sha256:c5b29bf5e4c01350654e80db8761466bbdf41efd2794c819493da63effa8a226 \
    --hash=sha256:ec52ada36981e74f8926290f5cf9e8e81b4779b907dab17cf2e7d000d0e5a230 \
    --hash=sha256:f5ba8607a6d44dd194e0e0ba68f9b6e8501d69a79b5b7b34a2228040050b59a4
    # via sigstore
rfc8785==0.1.4 \
    --hash=sha256:520d690b448ecf0703691c76e1a34a24ddcd4fc5bc41d589cb7c58ec651bcd48 \
    --hash=sha256:e545841329fe0eee4f6a3b44e7034343100c12b4ec566dc06ca9735681deb4da
    # via sigstore
rich==14.3.4 \
    --hash=sha256:07e7adb4690f68864777b1450859253bed81a99a31ac321ac1817b2313558952 \
    --hash=sha256:817e02727f2b25b40ef56f5aa2217f400c8489f79ca8f46ea2b70dd5e14558a9
    # via sigstore
securesystemslib==1.4.0 \
    --hash=sha256:a0743a3d978cf26e98a70a57e3fbd5a18e0a74c20cabe615f6a55b02ef0272b3 \
    --hash=sha256:faea87be0f9c4b4277a5fa1b54bf9bfd807be9a94ab11be6c557dc8b75c43285
    # via tuf
sigstore==3.6.7 \
    --hash=sha256:85d7512499eded0ffc310462d8be81731a631320751e390d74370d6458864df9 \
    --hash=sha256:f9d9f757123ff2a71e85cbe7faf551852cb5d89c5923838f9a209cd05556db23
    # via custos-runner
sigstore-protobuf-specs==0.3.2 \
    --hash=sha256:50c99fa6747a3a9c5c562a43602cf76df0b199af28f0e9d4319b6775630425ea \
    --hash=sha256:cae041b40502600b8a633f43c257695d0222a94efa1e5110a7ec7ada78c39d99
    # via sigstore
sigstore-rekor-types==0.0.18 \
    --hash=sha256:19aef25433218ebf9975a1e8b523cc84aaf3cd395ad39a30523b083ea7917ec5 \
    --hash=sha256:b62bf38c5b1a62bc0d7fe0ee51a0709e49311d137c7880c329882a8f4b2d1d78
    # via sigstore
six==1.17.0 \
    --hash=sha256:4721f391ed90541fddacab5acf947aa0d3dc7d27b2e1e8eda2be8970586c3274 \
    --hash=sha256:ff70335d468e7eb6ec65b95b99d3a2836546063f63acc5171de367e834932a81
    # via python-dateutil
sortedcontainers==2.4.0 \
    --hash=sha256:25caa5a06cc30b6b83d11423433f65d1f9d76c4c6a0c90e3379eaa43b9bfdb88 \
    --hash=sha256:a163dcaede0f1c021485e957a39245190e74249897e2ae4b2aa38595db237ee0
    # via portion
structlog==26.1.0 \
    --hash=sha256:e081a26d6c373e6d201eca24eede26d8ffab07f88f477822e679183428d3d91e \
    --hash=sha256:f63a716cbd1b1291cf7661de7794b455acfa4c43c5bcf1630e6ad5ddc1adb3b7
    # via custos-runner
tqdm==4.68.4 \
    --hash=sha256:19829c9673638f2a0b8617da4cdcb927e831cd88bcfcb6e78d42a4d1af131520 \
    --hash=sha256:5168118b2368f48c561afda8020fd79195b1bdb0bdf8086b88442c267a315dc2
    # via nautilus-trader
tuf==6.0.0 \
    --hash=sha256:458f663a233d95cc76dde0e1a3d01796516a05ce2781fefafebe037f7729601a \
    --hash=sha256:9eed0f7888c5fff45dc62164ff243a05d47fb8a3208035eb268974287e0aee8d
    # via sigstore
typing-extensions==4.15.0 \
    --hash=sha256:0cea48d173cc12fa28ecabc3b837ea3cf6f38c6d1136f85cbaaf598984861466 \
    --hash=sha256:f0fa19c6845758ab08074a0cfa8b7aecb71c999ca73d62883bc25cc018c4e548
    # via
    #   pydantic
    #   pydantic-core
    #   pyopenssl
    #   typing-inspection
typing-inspection==0.4.2 \
    --hash=sha256:4ed1cacbdc298c220f1bd249ed5287caa16f34d44ef4e9c3d0cbad5b521545e7 \
    --hash=sha256:ba561c48a67c5958007083d386c3295464928b01faa735ab8547c5692e87f464
    # via pydantic
tzdata==2026.2 ; sys_platform == 'emscripten' or sys_platform == 'win32' \
    --hash=sha256:9173fde7d80d9018e02a662e168e5a2d04f87c41ea174b139fbef642eda62d10 \
    --hash=sha256:bbe9af844f658da81a5f95019480da3a89415801f6cc966806612cc7169bffe7
    # via pandas
urllib3==2.7.0 \
    --hash=sha256:231e0ec3b63ceb14667c67be60f2f2c40a518cb38b03af60abc813da26505f4c \
    --hash=sha256:9fb4c81ebbb1ce9531cce37674bbc6f1360472bc18ca9a553ede278ef7276897
    # via
    #   id
    #   requests
    #   tuf
uuid6==2025.0.1 \
    --hash=sha256:80530ce4d02a93cdf82e7122ca0da3ebbbc269790ec1cb902481fa3e9cc9ff99 \
    --hash=sha256:cd0af94fa428675a44e32c5319ec5a3485225ba2179eefcf4c3f205ae30a81bd
    # via custos-runner
uvloop==0.22.1 ; sys_platform != 'win32' \
    --hash=sha256:512fec6815e2dd45161054592441ef76c830eddaad55c8aa30952e6fe1ed07c0 \
    --hash=sha256:51eb9bd88391483410daad430813d982010f9c9c89512321f5b60e2cddbdddd6 \
    --hash=sha256:6c84bae345b9147082b17371e3dd5d42775bddce91f885499017f4607fdaf39f \
    --hash=sha256:700e674a166ca5778255e0e1dc4e9d79ab2acc57b9171b79e65feba7184b3370 \
    --hash=sha256:7b5b1ac819a3f946d3b2ee07f09149578ae76066d70b44df3fa990add49a82e4 \
    --hash=sha256:e047cc068570bac9866237739607d1313b9253c3051ad84738cbb095be0537b2 \
    --hash=sha256:fe94b4564e865d968414598eea1a6de60adba0c040ba4ed05ac1300de402cd42
    # via nautilus-trader
